
Microsoft Visual Studio Solution File, Format Version 12.00
# Visual Studio Version 16
VisualStudioVersion = 16.0.31424.327
MinimumVisualStudioVersion = 10.0.40219.1
Project("{FAE04EC0-301F-11D3-BF4B-00C04F79EFBC}") = "CapaModelo", "CapaModelo\CapaModelo.csproj", "{4F6C1723-977D-4EB9-8CD4-8CA31B90E5AB}"
EndProject
Project("{FAE04EC0-301F-11D3-BF4B-00C04F79EFBC}") = "CapaControlador", "CapaControlador\CapaControlador.csproj", "{9CFFE988-05BA-46AD-9C14-9F89D3394CA2}"
EndProject
Project("{FAE04EC0-301F-11D3-BF4B-00C04F79EFBC}") = "CapaVista", "CapaVista\CapaVista.csproj", "{B7325A28-99B8-4F8C-B346-844A27243EF2}"
EndProject
Global
	GlobalSection(SolutionConfigurationPlatforms) = preSolution
		Debug|Any CPU = Debug|Any CPU
		Release|Any CPU = Release|Any CPU
	EndGlobalSection
	GlobalSection(ProjectConfigurationPlatforms) = postSolution
		{4F6C1723-977D-4EB9-8CD4-8CA31B90E5AB}.Debug|Any CPU.ActiveCfg = Debug|Any CPU
		{4F6C1723-977D-4EB9-8CD4-8CA31B90E5AB}.Debug|Any CPU.Build.0 = Debug|Any CPU
		{4F6C1723-977D-4EB9-8CD4-8CA31B90E5AB}.Release|Any CPU.ActiveCfg = Release|Any CPU
		{4F6C1723-977D-4EB9-8CD4-8CA31B90E5AB}.Release|Any CPU.Build.0 = Release|Any CPU
		{9CFFE988-05BA-46AD-9C14-9F89D3394CA2}.Debug|Any CPU.ActiveCfg = Debug|Any CPU
		{9CFFE988-05BA-46AD-9C14-9F89D3394CA2}.Debug|Any CPU.Build.0 = Debug|Any CPU
		{9CFFE988-05BA-46AD-9C14-9F89D3394CA2}.Release|Any CPU.ActiveCfg = Release|Any CPU
		{9CFFE988-05BA-46AD-9C14-9F89D3394CA2}.Release|Any CPU.Build.0 = Release|Any CPU
		{B7325A28-99B8-4F8C-B346-844A27243EF2}.Debug|Any CPU.ActiveCfg = Debug|Any CPU
		{B7325A28-99B8-4F8C-B346-844A27243EF2}.Debug|Any CPU.Build.0 = Debug|Any CPU
		{B7325A28-99B8-4F8C-B346-844A27243EF2}.Release|Any CPU.ActiveCfg = Release|Any CPU
		{B7325A28-99B8-4F8C-B346-844A27243EF2}.Release|Any CPU.Build.0 = Release|Any CPU
	EndGlobalSection
	GlobalSection(SolutionProperties) = preSolution
		HideSolutionNode = FALSE
	EndGlobalSection
	GlobalSection(ExtensibilityGlobals) = postSolution
		SolutionGuid = {0A7B5610-DB1C-46E6-B432-982CFA922684}
	EndGlobalSection
EndGlobal
