
Microsoft Visual Studio Solution File, Format Version 12.00
# Visual Studio Version 16
VisualStudioVersion = 16.0.31729.503
MinimumVisualStudioVersion = 10.0.40219.1
Project("{FAE04EC0-301F-11D3-BF4B-00C04F79EFBC}") = "CapaVista", "CapaVista\CapaVista.csproj", "{0674A67D-2208-40A6-AB8D-7B2C88A2B1A6}"
EndProject
Project("{FAE04EC0-301F-11D3-BF4B-00C04F79EFBC}") = "CapaModelo", "CapaModelo\CapaModelo.csproj", "{FDBD4140-C07B-40F8-9DE5-17ED6689119C}"
EndProject
Project("{FAE04EC0-301F-11D3-BF4B-00C04F79EFBC}") = "CapaControlador", "CapaControlador\CapaControlador.csproj", "{D617E6B0-7808-493A-83AB-7643BA0896F7}"
EndProject
Global
	GlobalSection(SolutionConfigurationPlatforms) = preSolution
		Debug|Any CPU = Debug|Any CPU
		Release|Any CPU = Release|Any CPU
	EndGlobalSection
	GlobalSection(ProjectConfigurationPlatforms) = postSolution
		{0674A67D-2208-40A6-AB8D-7B2C88A2B1A6}.Debug|Any CPU.ActiveCfg = Debug|Any CPU
		{0674A67D-2208-40A6-AB8D-7B2C88A2B1A6}.Debug|Any CPU.Build.0 = Debug|Any CPU
		{0674A67D-2208-40A6-AB8D-7B2C88A2B1A6}.Release|Any CPU.ActiveCfg = Release|Any CPU
		{0674A67D-2208-40A6-AB8D-7B2C88A2B1A6}.Release|Any CPU.Build.0 = Release|Any CPU
		{FDBD4140-C07B-40F8-9DE5-17ED6689119C}.Debug|Any CPU.ActiveCfg = Debug|Any CPU
		{FDBD4140-C07B-40F8-9DE5-17ED6689119C}.Debug|Any CPU.Build.0 = Debug|Any CPU
		{FDBD4140-C07B-40F8-9DE5-17ED6689119C}.Release|Any CPU.ActiveCfg = Release|Any CPU
		{FDBD4140-C07B-40F8-9DE5-17ED6689119C}.Release|Any CPU.Build.0 = Release|Any CPU
		{D617E6B0-7808-493A-83AB-7643BA0896F7}.Debug|Any CPU.ActiveCfg = Debug|Any CPU
		{D617E6B0-7808-493A-83AB-7643BA0896F7}.Debug|Any CPU.Build.0 = Debug|Any CPU
		{D617E6B0-7808-493A-83AB-7643BA0896F7}.Release|Any CPU.ActiveCfg = Release|Any CPU
		{D617E6B0-7808-493A-83AB-7643BA0896F7}.Release|Any CPU.Build.0 = Release|Any CPU
	EndGlobalSection
	GlobalSection(SolutionProperties) = preSolution
		HideSolutionNode = FALSE
	EndGlobalSection
	GlobalSection(ExtensibilityGlobals) = postSolution
		SolutionGuid = {002D8034-9748-495E-84E9-AAC1B43CEDED}
	EndGlobalSection
EndGlobal
